// !$*UTF8*$!
{
	archiveVersion = 1;
	classes = {
	};
	objectVersion = 50;
	objects = {

/* Begin PBXBuildFile section */
		460DB4C422764CD1008A2463 /* AppDelegate.swift in Sources */ = {isa = PBXBuildFile; fileRef = 460DB4C322764CD1008A2463 /* AppDelegate.swift */; };
		460DB4C622764CD1008A2463 /* ViewController.swift in Sources */ = {isa = PBXBuildFile; fileRef = 460DB4C522764CD1008A2463 /* ViewController.swift */; };
		460DB4C922764CD1008A2463 /* Main.storyboard in Resources */ = {isa = PBXBuildFile; fileRef = 460DB4C722764CD1008A2463 /* Main.storyboard */; };
		460DB4CB22764CD2008A2463 /* Assets.xcassets in Resources */ = {isa = PBXBuildFile; fileRef = 460DB4CA22764CD2008A2463 /* Assets.xcassets */; };
		460DB4CE22764CD2008A2463 /* LaunchScreen.storyboard in Resources */ = {isa = PBXBuildFile; fileRef = 460DB4CC22764CD2008A2463 /* LaunchScreen.storyboard */; };
		460DB4D6227650FA008A2463 /* Hero.swift in Sources */ = {isa = PBXBuildFile; fileRef = 460DB4D5227650FA008A2463 /* Hero.swift */; };
		460DB4D822765819008A2463 /* Heroes.swift in Sources */ = {isa = PBXBuildFile; fileRef = 460DB4D722765819008A2463 /* Heroes.swift */; };
		460DB4DC22768D4C008A2463 /* MarvelAPI.swift in Sources */ = {isa = PBXBuildFile; fileRef = 460DB4DB22768D4C008A2463 /* MarvelAPI.swift */; };
		460DB4DE2276E9A6008A2463 /* DetailViewController.swift in Sources */ = {isa = PBXBuildFile; fileRef = 460DB4DD2276E9A6008A2463 /* DetailViewController.swift */; };
		460DB4E2227700E6008A2463 /* OpenViewController.swift in Sources */ = {isa = PBXBuildFile; fileRef = 460DB4E1227700E6008A2463 /* OpenViewController.swift */; };
		460DB4E4227707D0008A2463 /* openning.mp4 in Resources */ = {isa = PBXBuildFile; fileRef = 460DB4E3227707D0008A2463 /* openning.mp4 */; };
		5038D3635C50CED97F67AF18 /* Pods_marvel.framework in Frameworks */ = {isa = PBXBuildFile; fileRef = FE12620E1DB876218D7B63BB /* Pods_marvel.framework */; };
/* End PBXBuildFile section */

/* Begin PBXFileReference section */
		460DB4C022764CD1008A2463 /* marvel.app */ = {isa = PBXFileReference; explicitFileType = wrapper.application; includeInIndex = 0; path = marvel.app; sourceTree = BUILT_PRODUCTS_DIR; };
		460DB4C322764CD1008A2463 /* AppDelegate.swift */ = {isa = PBXFileReference; lastKnownFileType = sourcecode.swift; path = AppDelegate.swift; sourceTree = "<group>"; };
		460DB4C522764CD1008A2463 /* ViewController.swift */ = {isa = PBXFileReference; lastKnownFileType = sourcecode.swift; path = ViewController.swift; sourceTree = "<group>"; };
		460DB4C822764CD1008A2463 /* Base */ = {isa = PBXFileReference; lastKnownFileType = file.storyboard; name = Base; path = Base.lproj/Main.storyboard; sourceTree = "<group>"; };
		460DB4CA22764CD2008A2463 /* Assets.xcassets */ = {isa = PBXFileReference; lastKnownFileType = folder.assetcatalog; path = Assets.xcassets; sourceTree = "<group>"; };
		460DB4CD22764CD2008A2463 /* Base */ = {isa = PBXFileReference; lastKnownFileType = file.storyboard; name = Base; path = Base.lproj/LaunchScreen.storyboard; sourceTree = "<group>"; };
		460DB4CF22764CD2008A2463 /* Info.plist */ = {isa = PBXFileReference; lastKnownFileType = text.plist.xml; path = Info.plist; sourceTree = "<group>"; };
		460DB4D5227650FA008A2463 /* Hero.swift */ = {isa = PBXFileReference; lastKnownFileType = sourcecode.swift; path = Hero.swift; sourceTree = "<group>"; };
		460DB4D722765819008A2463 /* Heroes.swift */ = {isa = PBXFileReference; lastKnownFileType = sourcecode.swift; path = Heroes.swift; sourceTree = "<group>"; };
		460DB4DB22768D4C008A2463 /* MarvelAPI.swift */ = {isa = PBXFileReference; lastKnownFileType = sourcecode.swift; path = MarvelAPI.swift; sourceTree = "<group>"; };
		460DB4DD2276E9A6008A2463 /* DetailViewController.swift */ = {isa = PBXFileReference; lastKnownFileType = sourcecode.swift; path = DetailViewController.swift; sourceTree = "<group>"; };
		460DB4E1227700E6008A2463 /* OpenViewController.swift */ = {isa = PBXFileReference; lastKnownFileType = sourcecode.swift; path = OpenViewController.swift; sourceTree = "<group>"; };
		460DB4E3227707D0008A2463 /* openning.mp4 */ = {isa = PBXFileReference; lastKnownFileType = file; path = openning.mp4; sourceTree = "<group>"; };
		4B9948A545AF2E106AD311D7 /* Pods-marvel.release.xcconfig */ = {isa = PBXFileReference; includeInIndex = 1; lastKnownFileType = text.xcconfig; name = "Pods-marvel.release.xcconfig"; path = "Target Support Files/Pods-marvel/Pods-marvel.release.xcconfig"; sourceTree = "<group>"; };
		9905808D993A72DD060686DD /* Pods-marvel.debug.xcconfig */ = {isa = PBXFileReference; includeInIndex = 1; lastKnownFileType = text.xcconfig; name = "Pods-marvel.debug.xcconfig"; path = "Target Support Files/Pods-marvel/Pods-marvel.debug.xcconfig"; sourceTree = "<group>"; };
		FE12620E1DB876218D7B63BB /* Pods_marvel.framework */ = {isa = PBXFileReference; explicitFileType = wrapper.framework; includeInIndex = 0; path = Pods_marvel.framework; sourceTree = BUILT_PRODUCTS_DIR; };
/* End PBXFileReference section */

/* Begin PBXFrameworksBuildPhase section */
		460DB4BD22764CD1008A2463 /* Frameworks */ = {
			isa = PBXFrameworksBuildPhase;
			buildActionMask = 2147483647;
			files = (
				5038D3635C50CED97F67AF18 /* Pods_marvel.framework in Frameworks */,
			);
			runOnlyForDeploymentPostprocessing = 0;
		};
/* End PBXFrameworksBuildPhase section */

/* Begin PBXGroup section */
		460DB4B722764CD1008A2463 = {
			isa = PBXGroup;
			children = (
				460DB4E3227707D0008A2463 /* openning.mp4 */,
				460DB4C222764CD1008A2463 /* marvel */,
				460DB4C122764CD1008A2463 /* Products */,
				C7E299D2A2837B078E682602 /* Pods */,
				A12D3ECDABCFECDF828A7E90 /* Frameworks */,
			);
			sourceTree = "<group>";
		};
		460DB4C122764CD1008A2463 /* Products */ = {
			isa = PBXGroup;
			children = (
				460DB4C022764CD1008A2463 /* marvel.app */,
			);
			name = Products;
			sourceTree = "<group>";
		};
		460DB4C222764CD1008A2463 /* marvel */ = {
			isa = PBXGroup;
			children = (
				460DB4C322764CD1008A2463 /* AppDelegate.swift */,
				460DB4C522764CD1008A2463 /* ViewController.swift */,
				460DB4DD2276E9A6008A2463 /* DetailViewController.swift */,
				460DB4D5227650FA008A2463 /* Hero.swift */,
				460DB4D722765819008A2463 /* Heroes.swift */,
				460DB4DB22768D4C008A2463 /* MarvelAPI.swift */,
				460DB4C722764CD1008A2463 /* Main.storyboard */,
				460DB4E1227700E6008A2463 /* OpenViewController.swift */,
				460DB4CA22764CD2008A2463 /* Assets.xcassets */,
				460DB4CC22764CD2008A2463 /* LaunchScreen.storyboard */,
				460DB4CF22764CD2008A2463 /* Info.plist */,
			);
			path = marvel;
			sourceTree = "<group>";
		};
		A12D3ECDABCFECDF828A7E90 /* Frameworks */ = {
			isa = PBXGroup;
			children = (
				FE12620E1DB876218D7B63BB /* Pods_marvel.framework */,
			);
			name = Frameworks;
			sourceTree = "<group>";
		};
		C7E299D2A2837B078E682602 /* Pods */ = {
			isa = PBXGroup;
			children = (
				9905808D993A72DD060686DD /* Pods-marvel.debug.xcconfig */,
				4B9948A545AF2E106AD311D7 /* Pods-marvel.release.xcconfig */,
			);
			path = Pods;
			sourceTree = "<group>";
		};
/* End PBXGroup section */

/* Begin PBXNativeTarget section */
		460DB4BF22764CD1008A2463 /* marvel */ = {
			isa = PBXNativeTarget;
			buildConfigurationList = 460DB4D222764CD2008A2463 /* Build configuration list for PBXNativeTarget "marvel" */;
			buildPhases = (
				B34C257133067340FA72A515 /* [CP] Check Pods Manifest.lock */,
				460DB4BC22764CD1008A2463 /* Sources */,
				460DB4BD22764CD1008A2463 /* Frameworks */,
				460DB4BE22764CD1008A2463 /* Resources */,
				ADFD7FA4F33E77E6346A2942 /* [CP] Embed Pods Frameworks */,
			);
			buildRules = (
			);
			dependencies = (
			);
			name = marvel;
			productName = marvel;
			productReference = 460DB4C022764CD1008A2463 /* marvel.app */;
			productType = "com.apple.product-type.application";
		};
/* End PBXNativeTarget section */

/* Begin PBXProject section */
		460DB4B822764CD1008A2463 /* Project object */ = {
			isa = PBXProject;
			attributes = {
				LastSwiftUpdateCheck = 1010;
				LastUpgradeCheck = 1010;
				ORGANIZATIONNAME = "Gu Xinran";
				TargetAttributes = {
					460DB4BF22764CD1008A2463 = {
						CreatedOnToolsVersion = 10.1;
					};
				};
			};
			buildConfigurationList = 460DB4BB22764CD1008A2463 /* Build configuration list for PBXProject "marvel" */;
			compatibilityVersion = "Xcode 9.3";
			developmentRegion = en;
			hasScannedForEncodings = 0;
			knownRegions = (
				en,
				Base,
			);
			mainGroup = 460DB4B722764CD1008A2463;
			productRefGroup = 460DB4C122764CD1008A2463 /* Products */;
			projectDirPath = "";
			projectRoot = "";
			targets = (
				460DB4BF22764CD1008A2463 /* marvel */,
			);
		};
/* End PBXProject section */

/* Begin PBXResourcesBuildPhase section */
		460DB4BE22764CD1008A2463 /* Resources */ = {
			isa = PBXResourcesBuildPhase;
			buildActionMask = 2147483647;
			files = (
				460DB4E4227707D0008A2463 /* openning.mp4 in Resources */,
				460DB4CE22764CD2008A2463 /* LaunchScreen.storyboard in Resources */,
				460DB4CB22764CD2008A2463 /* Assets.xcassets in Resources */,
				460DB4C922764CD1008A2463 /* Main.storyboard in Resources */,
			);
			runOnlyForDeploymentPostprocessing = 0;
		};
/* End PBXResourcesBuildPhase section */

/* Begin PBXShellScriptBuildPhase section */
		ADFD7FA4F33E77E6346A2942 /* [CP] Embed Pods Frameworks */ = {
			isa = PBXShellScriptBuildPhase;
			buildActionMask = 2147483647;
			files = (
			);
			inputFileListPaths = (
			);
			inputPaths = (
				"${PODS_ROOT}/Target Support Files/Pods-marvel/Pods-marvel-frameworks.sh",
				"${BUILT_PRODUCTS_DIR}/Alamofire/Alamofire.framework",
				"${BUILT_PRODUCTS_DIR}/CryptoSwift/CryptoSwift.framework",
				"${BUILT_PRODUCTS_DIR}/SDWebImage/SDWebImage.framework",
				"${BUILT_PRODUCTS_DIR}/SwiftyJSON/SwiftyJSON.framework",
			);
			name = "[CP] Embed Pods Frameworks";
			outputFileListPaths = (
			);
			outputPaths = (
				"${TARGET_BUILD_DIR}/${FRAMEWORKS_FOLDER_PATH}/Alamofire.framework",
				"${TARGET_BUILD_DIR}/${FRAMEWORKS_FOLDER_PATH}/CryptoSwift.framework",
				"${TARGET_BUILD_DIR}/${FRAMEWORKS_FOLDER_PATH}/SDWebImage.framework",
				"${TARGET_BUILD_DIR}/${FRAMEWORKS_FOLDER_PATH}/SwiftyJSON.framework",
			);
			runOnlyForDeploymentPostprocessing = 0;
			shellPath = /bin/sh;
			shellScript = "\"${PODS_ROOT}/Target Support Files/Pods-marvel/Pods-marvel-frameworks.sh\"\n";
			showEnvVarsInLog = 0;
		};
		B34C257133067340FA72A515 /* [CP] Check Pods Manifest.lock */ = {
			isa = PBXShellScriptBuildPhase;
			buildActionMask = 2147483647;
			files = (
			);
			inputFileListPaths = (
			);
			inputPaths = (
				"${PODS_PODFILE_DIR_PATH}/Podfile.lock",
				"${PODS_ROOT}/Manifest.lock",
			);
			name = "[CP] Check Pods Manifest.lock";
			outputFileListPaths = (
			);
			outputPaths = (
				"$(DERIVED_FILE_DIR)/Pods-marvel-checkManifestLockResult.txt",
			);
			runOnlyForDeploymentPostprocessing = 0;
			shellPath = /bin/sh;
			shellScript = "diff \"${PODS_PODFILE_DIR_PATH}/Podfile.lock\" \"${PODS_ROOT}/Manifest.lock\" > /dev/null\nif [ $? != 0 ] ; then\n    # print error to STDERR\n    echo \"error: The sandbox is not in sync with the Podfile.lock. Run 'pod install' or update your CocoaPods installation.\" >&2\n    exit 1\nfi\n# This output is used by Xcode 'outputs' to avoid re-running this script phase.\necho \"SUCCESS\" > \"${SCRIPT_OUTPUT_FILE_0}\"\n";
			showEnvVarsInLog = 0;
		};
/* End PBXShellScriptBuildPhase section */

/* Begin PBXSourcesBuildPhase section */
		460DB4BC22764CD1008A2463 /* Sources */ = {
			isa = PBXSourcesBuildPhase;
			buildActionMask = 2147483647;
			files = (
				460DB4C622764CD1008A2463 /* ViewController.swift in Sources */,
				460DB4D822765819008A2463 /* Heroes.swift in Sources */,
				460DB4C422764CD1008A2463 /* AppDelegate.swift in Sources */,
				460DB4E2227700E6008A2463 /* OpenViewController.swift in Sources */,
				460DB4DE2276E9A6008A2463 /* DetailViewController.swift in Sources */,
				460DB4DC22768D4C008A2463 /* MarvelAPI.swift in Sources */,
				460DB4D6227650FA008A2463 /* Hero.swift in Sources */,
			);
			runOnlyForDeploymentPostprocessing = 0;
		};
/* End PBXSourcesBuildPhase section */

/* Begin PBXVariantGroup section */
		460DB4C722764CD1008A2463 /* Main.storyboard */ = {
			isa = PBXVariantGroup;
			children = (
				460DB4C822764CD1008A2463 /* Base */,
			);
			name = Main.storyboard;
			sourceTree = "<group>";
		};
		460DB4CC22764CD2008A2463 /* LaunchScreen.storyboard */ = {
			isa = PBXVariantGroup;
			children = (
				460DB4CD22764CD2008A2463 /* Base */,
			);
			name = LaunchScreen.storyboard;
			sourceTree = "<group>";
		};
/* End PBXVariantGroup section */

/* Begin XCBuildConfiguration section */
		460DB4D022764CD2008A2463 /* Debug */ = {
			isa = XCBuildConfiguration;
			buildSettings = {
				ALWAYS_SEARCH_USER_PATHS = NO;
				CLANG_ANALYZER_NONNULL = YES;
				CLANG_ANALYZER_NUMBER_OBJECT_CONVERSION = YES_AGGRESSIVE;
				CLANG_CXX_LANGUAGE_STANDARD = "gnu++14";
				CLANG_CXX_LIBRARY = "libc++";
				CLANG_ENABLE_MODULES = YES;
				CLANG_ENABLE_OBJC_ARC = YES;
				CLANG_ENABLE_OBJC_WEAK = YES;
				CLANG_WARN_BLOCK_CAPTURE_AUTORELEASING = YES;
				CLANG_WARN_BOOL_CONVERSION = YES;
				CLANG_WARN_COMMA = YES;
				CLANG_WARN_CONSTANT_CONVERSION = YES;
				CLANG_WARN_DEPRECATED_OBJC_IMPLEMENTATIONS = YES;
				CLANG_WARN_DIRECT_OBJC_ISA_USAGE = YES_ERROR;
				CLANG_WARN_DOCUMENTATION_COMMENTS = YES;
				CLANG_WARN_EMPTY_BODY = YES;
				CLANG_WARN_ENUM_CONVERSION = YES;
				CLANG_WARN_INFINITE_RECURSION = YES;
				CLANG_WARN_INT_CONVERSION = YES;
				CLANG_WARN_NON_LITERAL_NULL_CONVERSION = YES;
				CLANG_WARN_OBJC_IMPLICIT_RETAIN_SELF = YES;
				CLANG_WARN_OBJC_LITERAL_CONVERSION = YES;
				CLANG_WARN_OBJC_ROOT_CLASS = YES_ERROR;
				CLANG_WARN_RANGE_LOOP_ANALYSIS = YES;
				CLANG_WARN_STRICT_PROTOTYPES = YES;
				CLANG_WARN_SUSPICIOUS_MOVE = YES;
				CLANG_WARN_UNGUARDED_AVAILABILITY = YES_AGGRESSIVE;
				CLANG_WARN_UNREACHABLE_CODE = YES;
				CLANG_WARN__DUPLICATE_METHOD_MATCH = YES;
				CODE_SIGN_IDENTITY = "iPhone Developer";
				COPY_PHASE_STRIP = NO;
				DEBUG_INFORMATION_FORMAT = dwarf;
				ENABLE_STRICT_OBJC_MSGSEND = YES;
				ENABLE_TESTABILITY = YES;
				GCC_C_LANGUAGE_STANDARD = gnu11;
				GCC_DYNAMIC_NO_PIC = NO;
				GCC_NO_COMMON_BLOCKS = YES;
				GCC_OPTIMIZATION_LEVEL = 0;
				GCC_PREPROCESSOR_DEFINITIONS = (
					"DEBUG=1",
					"$(inherited)",
				);
				GCC_WARN_64_TO_32_BIT_CONVERSION = YES;
				GCC_WARN_ABOUT_RETURN_TYPE = YES_ERROR;
				GCC_WARN_UNDECLARED_SELECTOR = YES;
				GCC_WARN_UNINITIALIZED_AUTOS = YES_AGGRESSIVE;
				GCC_WARN_UNUSED_FUNCTION = YES;
				GCC_WARN_UNUSED_VARIABLE = YES;
				IPHONEOS_DEPLOYMENT_TARGET = 12.1;
				MTL_ENABLE_DEBUG_INFO = INCLUDE_SOURCE;
				MTL_FAST_MATH = YES;
				ONLY_ACTIVE_ARCH = YES;
				SDKROOT = iphoneos;
				SWIFT_ACTIVE_COMPILATION_CONDITIONS = DEBUG;
				SWIFT_OPTIMIZATION_LEVEL = "-Onone";
			};
			name = Debug;
		};
		460DB4D122764CD2008A2463 /* Release */ = {
			isa = XCBuildConfiguration;
			buildSettings = {
				ALWAYS_SEARCH_USER_PATHS = NO;
				CLANG_ANALYZER_NONNULL = YES;
				CLANG_ANALYZER_NUMBER_OBJECT_CONVERSION = YES_AGGRESSIVE;
				CLANG_CXX_LANGUAGE_STANDARD = "gnu++14";
				CLANG_CXX_LIBRARY = "libc++";
				CLANG_ENABLE_MODULES = YES;
				CLANG_ENABLE_OBJC_ARC = YES;
				CLANG_ENABLE_OBJC_WEAK = YES;
				CLANG_WARN_BLOCK_CAPTURE_AUTORELEASING = YES;
				CLANG_WARN_BOOL_CONVERSION = YES;
				CLANG_WARN_COMMA = YES;
				CLANG_WARN_CONSTANT_CONVERSION = YES;
				CLANG_WARN_DEPRECATED_OBJC_IMPLEMENTATIONS = YES;
				CLANG_WARN_DIRECT_OBJC_ISA_USAGE = YES_ERROR;
				CLANG_WARN_DOCUMENTATION_COMMENTS = YES;
				CLANG_WARN_EMPTY_BODY = YES;
				CLANG_WARN_ENUM_CONVERSION = YES;
				CLANG_WARN_INFINITE_RECURSION = YES;
				CLANG_WARN_INT_CONVERSION = YES;
				CLANG_WARN_NON_LITERAL_NULL_CONVERSION = YES;
				CLANG_WARN_OBJC_IMPLICIT_RETAIN_SELF = YES;
				CLANG_WARN_OBJC_LITERAL_CONVERSION = YES;
				CLANG_WARN_OBJC_ROOT_CLASS = YES_ERROR;
				CLANG_WARN_RANGE_LOOP_ANALYSIS = YES;
				CLANG_WARN_STRICT_PROTOTYPES = YES;
				CLANG_WARN_SUSPICIOUS_MOVE = YES;
				CLANG_WARN_UNGUARDED_AVAILABILITY = YES_AGGRESSIVE;
				CLANG_WARN_UNREACHABLE_CODE = YES;
				CLANG_WARN__DUPLICATE_METHOD_MATCH = YES;
				CODE_SIGN_IDENTITY = "iPhone Developer";
				COPY_PHASE_STRIP = NO;
				DEBUG_INFORMATION_FORMAT = "dwarf-with-dsym";
				ENABLE_NS_ASSERTIONS = NO;
				ENABLE_STRICT_OBJC_MSGSEND = YES;
				GCC_C_LANGUAGE_STANDARD = gnu11;
				GCC_NO_COMMON_BLOCKS = YES;
				GCC_WARN_64_TO_32_BIT_CONVERSION = YES;
				GCC_WARN_ABOUT_RETURN_TYPE = YES_ERROR;
				GCC_WARN_UNDECLARED_SELECTOR = YES;
				GCC_WARN_UNINITIALIZED_AUTOS = YES_AGGRESSIVE;
				GCC_WARN_UNUSED_FUNCTION = YES;
				GCC_WARN_UNUSED_VARIABLE = YES;
				IPHONEOS_DEPLOYMENT_TARGET = 12.1;
				MTL_ENABLE_DEBUG_INFO = NO;
				MTL_FAST_MATH = YES;
				SDKROOT = iphoneos;
				SWIFT_COMPILATION_MODE = wholemodule;
				SWIFT_OPTIMIZATION_LEVEL = "-O";
				VALIDATE_PRODUCT = YES;
			};
			name = Release;
		};
		460DB4D322764CD2008A2463 /* Debug */ = {
			isa = XCBuildConfiguration;
			baseConfigurationReference = 9905808D993A72DD060686DD /* Pods-marvel.debug.xcconfig */;
			buildSettings = {
				ASSETCATALOG_COMPILER_APPICON_NAME = AppIcon;
				CODE_SIGN_STYLE = Automatic;
				DEVELOPMENT_TEAM = YYN39RLQLH;
				INFOPLIST_FILE = marvel/Info.plist;
				LD_RUNPATH_SEARCH_PATHS = (
					"$(inherited)",
					"@executable_path/Frameworks",
				);
				PRODUCT_BUNDLE_IDENTIFIER = com.Xinran.marvel;
				PRODUCT_NAME = "$(TARGET_NAME)";
				SWIFT_VERSION = 4.2;
				TARGETED_DEVICE_FAMILY = "1,2";
			};
			name = Debug;
		};
		460DB4D422764CD2008A2463 /* Release */ = {
			isa = XCBuildConfiguration;
			baseConfigurationReference = 4B9948A545AF2E106AD311D7 /* Pods-marvel.release.xcconfig */;
			buildSettings = {
				ASSETCATALOG_COMPILER_APPICON_NAME = AppIcon;
				CODE_SIGN_STYLE = Automatic;
				DEVELOPMENT_TEAM = YYN39RLQLH;
				INFOPLIST_FILE = marvel/Info.plist;
				LD_RUNPATH_SEARCH_PATHS = (
					"$(inherited)",
					"@executable_path/Frameworks",
				);
				PRODUCT_BUNDLE_IDENTIFIER = com.Xinran.marvel;
				PRODUCT_NAME = "$(TARGET_NAME)";
				SWIFT_VERSION = 4.2;
				TARGETED_DEVICE_FAMILY = "1,2";
			};
			name = Release;
		};
/* End XCBuildConfiguration section */

/* Begin XCConfigurationList section */
		460DB4BB22764CD1008A2463 /* Build configuration list for PBXProject "marvel" */ = {
			isa = XCConfigurationList;
			buildConfigurations = (
				460DB4D022764CD2008A2463 /* Debug */,
				460DB4D122764CD2008A2463 /* Release */,
			);
			defaultConfigurationIsVisible = 0;
			defaultConfigurationName = Release;
		};
		460DB4D222764CD2008A2463 /* Build configuration list for PBXNativeTarget "marvel" */ = {
			isa = XCConfigurationList;
			buildConfigurations = (
				460DB4D322764CD2008A2463 /* Debug */,
				460DB4D422764CD2008A2463 /* Release */,
			);
			defaultConfigurationIsVisible = 0;
			defaultConfigurationName = Release;
		};
/* End XCConfigurationList section */
	};
	rootObject = 460DB4B822764CD1008A2463 /* Project object */;
}
